// !$*UTF8*$!
{
	archiveVersion = 1;
	classes = {
	};
	objectVersion = 50;
	objects = {

/* Begin PBXBuildFile section */
		3D3A127920D5867F0056E334 /* Assets.xcassets in Resources */ = {isa = PBXBuildFile; fileRef = 3D3A127820D5867F0056E334 /* Assets.xcassets */; };
		3DBDBEB820D06847009B3A75 /* AppDelegate.swift in Sources */ = {isa = PBXBuildFile; fileRef = 3DBDBEB720D06847009B3A75 /* AppDelegate.swift */; };
		3DBDBEBA20D06847009B3A75 /* ViewController.swift in Sources */ = {isa = PBXBuildFile; fileRef = 3DBDBEB920D06847009B3A75 /* ViewController.swift */; };
		3DBDBEBD20D06847009B3A75 /* Main.storyboard in Resources */ = {isa = PBXBuildFile; fileRef = 3DBDBEBB20D06847009B3A75 /* Main.storyboard */; };
		3DBDBEC220D0684B009B3A75 /* LaunchScreen.storyboard in Resources */ = {isa = PBXBuildFile; fileRef = 3DBDBEC020D0684B009B3A75 /* LaunchScreen.storyboard */; };
		3DBDBECB20D09B64009B3A75 /* PlayingCard.swift in Sources */ = {isa = PBXBuildFile; fileRef = 3DBDBECA20D09B64009B3A75 /* PlayingCard.swift */; };
		3DBDBECD20D09FEF009B3A75 /* PlayingCardDeck.swift in Sources */ = {isa = PBXBuildFile; fileRef = 3DBDBECC20D09FEF009B3A75 /* PlayingCardDeck.swift */; };
		3DEFFF5120D0C321001611E6 /* PalyingCardView.swift in Sources */ = {isa = PBXBuildFile; fileRef = 3DEFFF5020D0C321001611E6 /* PalyingCardView.swift */; };
/* End PBXBuildFile section */

/* Begin PBXFileReference section */
		3D3A127820D5867F0056E334 /* Assets.xcassets */ = {isa = PBXFileReference; lastKnownFileType = folder.assetcatalog; path = Assets.xcassets; sourceTree = "<group>"; };
		3DBDBEB420D06847009B3A75 /* PlayingCard.app */ = {isa = PBXFileReference; explicitFileType = wrapper.application; includeInIndex = 0; path = PlayingCard.app; sourceTree = BUILT_PRODUCTS_DIR; };
		3DBDBEB720D06847009B3A75 /* AppDelegate.swift */ = {isa = PBXFileReference; lastKnownFileType = sourcecode.swift; path = AppDelegate.swift; sourceTree = "<group>"; };
		3DBDBEB920D06847009B3A75 /* ViewController.swift */ = {isa = PBXFileReference; lastKnownFileType = sourcecode.swift; path = ViewController.swift; sourceTree = "<group>"; };
		3DBDBEBC20D06847009B3A75 /* Base */ = {isa = PBXFileReference; lastKnownFileType = file.storyboard; name = Base; path = Base.lproj/Main.storyboard; sourceTree = "<group>"; };
		3DBDBEC120D0684B009B3A75 /* Base */ = {isa = PBXFileReference; lastKnownFileType = file.storyboard; name = Base; path = Base.lproj/LaunchScreen.storyboard; sourceTree = "<group>"; };
		3DBDBEC320D0684B009B3A75 /* Info.plist */ = {isa = PBXFileReference; lastKnownFileType = text.plist.xml; path = Info.plist; sourceTree = "<group>"; };
		3DBDBECA20D09B64009B3A75 /* PlayingCard.swift */ = {isa = PBXFileReference; lastKnownFileType = sourcecode.swift; path = PlayingCard.swift; sourceTree = "<group>"; };
		3DBDBECC20D09FEF009B3A75 /* PlayingCardDeck.swift */ = {isa = PBXFileReference; lastKnownFileType = sourcecode.swift; path = PlayingCardDeck.swift; sourceTree = "<group>"; };
		3DEFFF5020D0C321001611E6 /* PalyingCardView.swift */ = {isa = PBXFileReference; lastKnownFileType = sourcecode.swift; path = PalyingCardView.swift; sourceTree = "<group>"; };
/* End PBXFileReference section */

/* Begin PBXFrameworksBuildPhase section */
		3DBDBEB120D06847009B3A75 /* Frameworks */ = {
			isa = PBXFrameworksBuildPhase;
			buildActionMask = 2147483647;
			files = (
			);
			runOnlyForDeploymentPostprocessing = 0;
		};
/* End PBXFrameworksBuildPhase section */

/* Begin PBXGroup section */
		3DBDBEAB20D06847009B3A75 = {
			isa = PBXGroup;
			children = (
				3DBDBEB620D06847009B3A75 /* PlayingCard */,
				3DBDBEB520D06847009B3A75 /* Products */,
			);
			sourceTree = "<group>";
		};
		3DBDBEB520D06847009B3A75 /* Products */ = {
			isa = PBXGroup;
			children = (
				3DBDBEB420D06847009B3A75 /* PlayingCard.app */,
			);
			name = Products;
			sourceTree = "<group>";
		};
		3DBDBEB620D06847009B3A75 /* PlayingCard */ = {
			isa = PBXGroup;
			children = (
				3D3A127820D5867F0056E334 /* Assets.xcassets */,
				3DBDBEBB20D06847009B3A75 /* Main.storyboard */,
				3DBDBEB920D06847009B3A75 /* ViewController.swift */,
				3DEFFF5020D0C321001611E6 /* PalyingCardView.swift */,
				3DBDBECC20D09FEF009B3A75 /* PlayingCardDeck.swift */,
				3DBDBECA20D09B64009B3A75 /* PlayingCard.swift */,
				3DBDBEC320D0684B009B3A75 /* Info.plist */,
				3DBDBEC920D0687B009B3A75 /* Supporting Files */,
			);
			path = PlayingCard;
			sourceTree = "<group>";
		};
		3DBDBEC920D0687B009B3A75 /* Supporting Files */ = {
			isa = PBXGroup;
			children = (
				3DBDBEB720D06847009B3A75 /* AppDelegate.swift */,
				3DBDBEC020D0684B009B3A75 /* LaunchScreen.storyboard */,
			);
			path = "Supporting Files";
			sourceTree = "<group>";
		};
/* End PBXGroup section */

/* Begin PBXNativeTarget section */
		3DBDBEB320D06847009B3A75 /* PlayingCard */ = {
			isa = PBXNativeTarget;
			buildConfigurationList = 3DBDBEC620D0684B009B3A75 /* Build configuration list for PBXNativeTarget "PlayingCard" */;
			buildPhases = (
				3DBDBEB020D06847009B3A75 /* Sources */,
				3DBDBEB120D06847009B3A75 /* Frameworks */,
				3DBDBEB220D06847009B3A75 /* Resources */,
			);
			buildRules = (
			);
			dependencies = (
			);
			name = PlayingCard;
			productName = PlayingCard;
			productReference = 3DBDBEB420D06847009B3A75 /* PlayingCard.app */;
			productType = "com.apple.product-type.application";
		};
/* End PBXNativeTarget section */

/* Begin PBXProject section */
		3DBDBEAC20D06847009B3A75 /* Project object */ = {
			isa = PBXProject;
			attributes = {
				LastSwiftUpdateCheck = 0940;
				LastUpgradeCheck = 0940;
				ORGANIZATIONNAME = "Apps KC";
				TargetAttributes = {
					3DBDBEB320D06847009B3A75 = {
						CreatedOnToolsVersion = 9.4;
					};
				};
			};
			buildConfigurationList = 3DBDBEAF20D06847009B3A75 /* Build configuration list for PBXProject "PlayingCard" */;
			compatibilityVersion = "Xcode 9.3";
			developmentRegion = en;
			hasScannedForEncodings = 0;
			knownRegions = (
				en,
				Base,
			);
			mainGroup = 3DBDBEAB20D06847009B3A75;
			productRefGroup = 3DBDBEB520D06847009B3A75 /* Products */;
			projectDirPath = "";
			projectRoot = "";
			targets = (
				3DBDBEB320D06847009B3A75 /* PlayingCard */,
			);
		};
/* End PBXProject section */

/* Begin PBXResourcesBuildPhase section */
		3DBDBEB220D06847009B3A75 /* Resources */ = {
			isa = PBXResourcesBuildPhase;
			buildActionMask = 2147483647;
			files = (
				3DBDBEC220D0684B009B3A75 /* LaunchScreen.storyboard in Resources */,
				3D3A127920D5867F0056E334 /* Assets.xcassets in Resources */,
				3DBDBEBD20D06847009B3A75 /* Main.storyboard in Resources */,
			);
			runOnlyForDeploymentPostprocessing = 0;
		};
/* End PBXResourcesBuildPhase section */

/* Begin PBXSourcesBuildPhase section */
		3DBDBEB020D06847009B3A75 /* Sources */ = {
			isa = PBXSourcesBuildPhase;
			buildActionMask = 2147483647;
			files = (
				3DBDBEBA20D06847009B3A75 /* ViewController.swift in Sources */,
				3DBDBECD20D09FEF009B3A75 /* PlayingCardDeck.swift in Sources */,
				3DBDBECB20D09B64009B3A75 /* PlayingCard.swift in Sources */,
				3DEFFF5120D0C321001611E6 /* PalyingCardView.swift in Sources */,
				3DBDBEB820D06847009B3A75 /* AppDelegate.swift in Sources */,
			);
			runOnlyForDeploymentPostprocessing = 0;
		};
/* End PBXSourcesBuildPhase section */

/* Begin PBXVariantGroup section */
		3DBDBEBB20D06847009B3A75 /* Main.storyboard */ = {
			isa = PBXVariantGroup;
			children = (
				3DBDBEBC20D06847009B3A75 /* Base */,
			);
			name = Main.storyboard;
			sourceTree = "<group>";
		};
		3DBDBEC020D0684B009B3A75 /* LaunchScreen.storyboard */ = {
			isa = PBXVariantGroup;
			children = (
				3DBDBEC120D0684B009B3A75 /* Base */,
			);
			name = LaunchScreen.storyboard;
			sourceTree = "<group>";
		};
/* End PBXVariantGroup section */

/* Begin XCBuildConfiguration section */
		3DBDBEC420D0684B009B3A75 /* Debug */ = {
			isa = XCBuildConfiguration;
			buildSettings = {
				ALWAYS_SEARCH_USER_PATHS = NO;
				CLANG_ANALYZER_NONNULL = YES;
				CLANG_ANALYZER_NUMBER_OBJECT_CONVERSION = YES_AGGRESSIVE;
				CLANG_CXX_LANGUAGE_STANDARD = "gnu++14";
				CLANG_CXX_LIBRARY = "libc++";
				CLANG_ENABLE_MODULES = YES;
				CLANG_ENABLE_OBJC_ARC = YES;
				CLANG_ENABLE_OBJC_WEAK = YES;
				CLANG_WARN_BLOCK_CAPTURE_AUTORELEASING = YES;
				CLANG_WARN_BOOL_CONVERSION = YES;
				CLANG_WARN_COMMA = YES;
				CLANG_WARN_CONSTANT_CONVERSION = YES;
				CLANG_WARN_DEPRECATED_OBJC_IMPLEMENTATIONS = YES;
				CLANG_WARN_DIRECT_OBJC_ISA_USAGE = YES_ERROR;
				CLANG_WARN_DOCUMENTATION_COMMENTS = YES;
				CLANG_WARN_EMPTY_BODY = YES;
				CLANG_WARN_ENUM_CONVERSION = YES;
				CLANG_WARN_INFINITE_RECURSION = YES;
				CLANG_WARN_INT_CONVERSION = YES;
				CLANG_WARN_NON_LITERAL_NULL_CONVERSION = YES;
				CLANG_WARN_OBJC_IMPLICIT_RETAIN_SELF = YES;
				CLANG_WARN_OBJC_LITERAL_CONVERSION = YES;
				CLANG_WARN_OBJC_ROOT_CLASS = YES_ERROR;
				CLANG_WARN_RANGE_LOOP_ANALYSIS = YES;
				CLANG_WARN_STRICT_PROTOTYPES = YES;
				CLANG_WARN_SUSPICIOUS_MOVE = YES;
				CLANG_WARN_UNGUARDED_AVAILABILITY = YES_AGGRESSIVE;
				CLANG_WARN_UNREACHABLE_CODE = YES;
				CLANG_WARN__DUPLICATE_METHOD_MATCH = YES;
				CODE_SIGN_IDENTITY = "iPhone Developer";
				COPY_PHASE_STRIP = NO;
				DEBUG_INFORMATION_FORMAT = dwarf;
				ENABLE_STRICT_OBJC_MSGSEND = YES;
				ENABLE_TESTABILITY = YES;
				GCC_C_LANGUAGE_STANDARD = gnu11;
				GCC_DYNAMIC_NO_PIC = NO;
				GCC_NO_COMMON_BLOCKS = YES;
				GCC_OPTIMIZATION_LEVEL = 0;
				GCC_PREPROCESSOR_DEFINITIONS = (
					"DEBUG=1",
					"$(inherited)",
				);
				GCC_WARN_64_TO_32_BIT_CONVERSION = YES;
				GCC_WARN_ABOUT_RETURN_TYPE = YES_ERROR;
				GCC_WARN_UNDECLARED_SELECTOR = YES;
				GCC_WARN_UNINITIALIZED_AUTOS = YES_AGGRESSIVE;
				GCC_WARN_UNUSED_FUNCTION = YES;
				GCC_WARN_UNUSED_VARIABLE = YES;
				IPHONEOS_DEPLOYMENT_TARGET = 11.4;
				MTL_ENABLE_DEBUG_INFO = YES;
				ONLY_ACTIVE_ARCH = YES;
				SDKROOT = iphoneos;
				SWIFT_ACTIVE_COMPILATION_CONDITIONS = DEBUG;
				SWIFT_OPTIMIZATION_LEVEL = "-Onone";
			};
			name = Debug;
		};
		3DBDBEC520D0684B009B3A75 /* Release */ = {
			isa = XCBuildConfiguration;
			buildSettings = {
				ALWAYS_SEARCH_USER_PATHS = NO;
				CLANG_ANALYZER_NONNULL = YES;
				CLANG_ANALYZER_NUMBER_OBJECT_CONVERSION = YES_AGGRESSIVE;
				CLANG_CXX_LANGUAGE_STANDARD = "gnu++14";
				CLANG_CXX_LIBRARY = "libc++";
				CLANG_ENABLE_MODULES = YES;
				CLANG_ENABLE_OBJC_ARC = YES;
				CLANG_ENABLE_OBJC_WEAK = YES;
				CLANG_WARN_BLOCK_CAPTURE_AUTORELEASING = YES;
				CLANG_WARN_BOOL_CONVERSION = YES;
				CLANG_WARN_COMMA = YES;
				CLANG_WARN_CONSTANT_CONVERSION = YES;
				CLANG_WARN_DEPRECATED_OBJC_IMPLEMENTATIONS = YES;
				CLANG_WARN_DIRECT_OBJC_ISA_USAGE = YES_ERROR;
				CLANG_WARN_DOCUMENTATION_COMMENTS = YES;
				CLANG_WARN_EMPTY_BODY = YES;
				CLANG_WARN_ENUM_CONVERSION = YES;
				CLANG_WARN_INFINITE_RECURSION = YES;
				CLANG_WARN_INT_CONVERSION = YES;
				CLANG_WARN_NON_LITERAL_NULL_CONVERSION = YES;
				CLANG_WARN_OBJC_IMPLICIT_RETAIN_SELF = YES;
				CLANG_WARN_OBJC_LITERAL_CONVERSION = YES;
				CLANG_WARN_OBJC_ROOT_CLASS = YES_ERROR;
				CLANG_WARN_RANGE_LOOP_ANALYSIS = YES;
				CLANG_WARN_STRICT_PROTOTYPES = YES;
				CLANG_WARN_SUSPICIOUS_MOVE = YES;
				CLANG_WARN_UNGUARDED_AVAILABILITY = YES_AGGRESSIVE;
				CLANG_WARN_UNREACHABLE_CODE = YES;
				CLANG_WARN__DUPLICATE_METHOD_MATCH = YES;
				CODE_SIGN_IDENTITY = "iPhone Developer";
				COPY_PHASE_STRIP = NO;
				DEBUG_INFORMATION_FORMAT = "dwarf-with-dsym";
				ENABLE_NS_ASSERTIONS = NO;
				ENABLE_STRICT_OBJC_MSGSEND = YES;
				GCC_C_LANGUAGE_STANDARD = gnu11;
				GCC_NO_COMMON_BLOCKS = YES;
				GCC_WARN_64_TO_32_BIT_CONVERSION = YES;
				GCC_WARN_ABOUT_RETURN_TYPE = YES_ERROR;
				GCC_WARN_UNDECLARED_SELECTOR = YES;
				GCC_WARN_UNINITIALIZED_AUTOS = YES_AGGRESSIVE;
				GCC_WARN_UNUSED_FUNCTION = YES;
				GCC_WARN_UNUSED_VARIABLE = YES;
				IPHONEOS_DEPLOYMENT_TARGET = 11.4;
				MTL_ENABLE_DEBUG_INFO = NO;
				SDKROOT = iphoneos;
				SWIFT_COMPILATION_MODE = wholemodule;
				SWIFT_OPTIMIZATION_LEVEL = "-O";
				VALIDATE_PRODUCT = YES;
			};
			name = Release;
		};
		3DBDBEC720D0684B009B3A75 /* Debug */ = {
			isa = XCBuildConfiguration;
			buildSettings = {
				ASSETCATALOG_COMPILER_APPICON_NAME = AppIcon;
				CODE_SIGN_STYLE = Automatic;
				DEVELOPMENT_TEAM = 5SQFG95Y4R;
				INFOPLIST_FILE = PlayingCard/Info.plist;
				LD_RUNPATH_SEARCH_PATHS = (
					"$(inherited)",
					"@executable_path/Frameworks",
				);
				PRODUCT_BUNDLE_IDENTIFIER = com.appskc.PlayingCard;
				PRODUCT_NAME = "$(TARGET_NAME)";
				SWIFT_VERSION = 4.0;
				TARGETED_DEVICE_FAMILY = "1,2";
			};
			name = Debug;
		};
		3DBDBEC820D0684B009B3A75 /* Release */ = {
			isa = XCBuildConfiguration;
			buildSettings = {
				ASSETCATALOG_COMPILER_APPICON_NAME = AppIcon;
				CODE_SIGN_STYLE = Automatic;
				DEVELOPMENT_TEAM = 5SQFG95Y4R;
				INFOPLIST_FILE = PlayingCard/Info.plist;
				LD_RUNPATH_SEARCH_PATHS = (
					"$(inherited)",
					"@executable_path/Frameworks",
				);
				PRODUCT_BUNDLE_IDENTIFIER = com.appskc.PlayingCard;
				PRODUCT_NAME = "$(TARGET_NAME)";
				SWIFT_VERSION = 4.0;
				TARGETED_DEVICE_FAMILY = "1,2";
			};
			name = Release;
		};
/* End XCBuildConfiguration section */

/* Begin XCConfigurationList section */
		3DBDBEAF20D06847009B3A75 /* Build configuration list for PBXProject "PlayingCard" */ = {
			isa = XCConfigurationList;
			buildConfigurations = (
				3DBDBEC420D0684B009B3A75 /* Debug */,
				3DBDBEC520D0684B009B3A75 /* Release */,
			);
			defaultConfigurationIsVisible = 0;
			defaultConfigurationName = Release;
		};
		3DBDBEC620D0684B009B3A75 /* Build configuration list for PBXNativeTarget "PlayingCard" */ = {
			isa = XCConfigurationList;
			buildConfigurations = (
				3DBDBEC720D0684B009B3A75 /* Debug */,
				3DBDBEC820D0684B009B3A75 /* Release */,
			);
			defaultConfigurationIsVisible = 0;
			defaultConfigurationName = Release;
		};
/* End XCConfigurationList section */
	};
	rootObject = 3DBDBEAC20D06847009B3A75 /* Project object */;
}
